// !$*UTF8*$!
{
	archiveVersion = 1;
	classes = {
	};
	objectVersion = 46;
	objects = {

/* Begin PBXBuildFile section */
		425992741D75B123002CEDD8 /* AppDelegate.swift in Sources */ = {isa = PBXBuildFile; fileRef = 425992731D75B123002CEDD8 /* AppDelegate.swift */; };
		425992761D75B123002CEDD8 /* ViewController.swift in Sources */ = {isa = PBXBuildFile; fileRef = 425992751D75B123002CEDD8 /* ViewController.swift */; };
		425992791D75B123002CEDD8 /* Main.storyboard in Resources */ = {isa = PBXBuildFile; fileRef = 425992771D75B123002CEDD8 /* Main.storyboard */; };
		4259927B1D75B123002CEDD8 /* Assets.xcassets in Resources */ = {isa = PBXBuildFile; fileRef = 4259927A1D75B123002CEDD8 /* Assets.xcassets */; };
		4259927E1D75B123002CEDD8 /* LaunchScreen.storyboard in Resources */ = {isa = PBXBuildFile; fileRef = 4259927C1D75B123002CEDD8 /* LaunchScreen.storyboard */; };
		4259928D1D75B3B6002CEDD8 /* ContextProviding.swift in Sources */ = {isa = PBXBuildFile; fileRef = 425992891D75B3B6002CEDD8 /* ContextProviding.swift */; };
		4259928E1D75B3B6002CEDD8 /* Providing.swift in Sources */ = {isa = PBXBuildFile; fileRef = 4259928A1D75B3B6002CEDD8 /* Providing.swift */; };
		4259928F1D75B3B6002CEDD8 /* Operational.swift in Sources */ = {isa = PBXBuildFile; fileRef = 4259928B1D75B3B6002CEDD8 /* Operational.swift */; };
		425992901D75B3B6002CEDD8 /* ContextOperational.swift in Sources */ = {isa = PBXBuildFile; fileRef = 4259928C1D75B3B6002CEDD8 /* ContextOperational.swift */; };
		425992A11D75B491002CEDD8 /* DefaultRealmConfig.swift in Sources */ = {isa = PBXBuildFile; fileRef = 425992931D75B491002CEDD8 /* DefaultRealmConfig.swift */; };
		425992A21D75B491002CEDD8 /* RealmConfigurable.swift in Sources */ = {isa = PBXBuildFile; fileRef = 425992941D75B491002CEDD8 /* RealmConfigurable.swift */; };
		425992A31D75B491002CEDD8 /* SampleUserRealm.swift in Sources */ = {isa = PBXBuildFile; fileRef = 425992961D75B491002CEDD8 /* SampleUserRealm.swift */; };
		425992A41D75B491002CEDD8 /* RealmGetAllUsers.swift in Sources */ = {isa = PBXBuildFile; fileRef = 425992991D75B491002CEDD8 /* RealmGetAllUsers.swift */; };
		425992A61D75B491002CEDD8 /* RealmInsertUser.swift in Sources */ = {isa = PBXBuildFile; fileRef = 4259929B1D75B491002CEDD8 /* RealmInsertUser.swift */; };
		425992A91D75B491002CEDD8 /* RealmProvider.swift in Sources */ = {isa = PBXBuildFile; fileRef = 4259929F1D75B491002CEDD8 /* RealmProvider.swift */; };
		425992AA1D75B491002CEDD8 /* RealmFactory.swift in Sources */ = {isa = PBXBuildFile; fileRef = 425992A01D75B491002CEDD8 /* RealmFactory.swift */; };
		425992B01D75B6C9002CEDD8 /* SampleUser.swift in Sources */ = {isa = PBXBuildFile; fileRef = 425992AF1D75B6C9002CEDD8 /* SampleUser.swift */; };
		425992B31D75B750002CEDD8 /* SampleUserRealmMapper.swift in Sources */ = {isa = PBXBuildFile; fileRef = 425992B21D75B750002CEDD8 /* SampleUserRealmMapper.swift */; };
		425992B51D75B784002CEDD8 /* Convertible.swift in Sources */ = {isa = PBXBuildFile; fileRef = 425992B41D75B784002CEDD8 /* Convertible.swift */; };
		425992B81D75B905002CEDD8 /* OperationHandler.swift in Sources */ = {isa = PBXBuildFile; fileRef = 425992B71D75B905002CEDD8 /* OperationHandler.swift */; };
		425992BB1D75B92C002CEDD8 /* GetAllUsers.swift in Sources */ = {isa = PBXBuildFile; fileRef = 425992BA1D75B92C002CEDD8 /* GetAllUsers.swift */; };
		425992BD1D75B93B002CEDD8 /* InsertUser.swift in Sources */ = {isa = PBXBuildFile; fileRef = 425992BC1D75B93B002CEDD8 /* InsertUser.swift */; };
		425992C01D75BA65002CEDD8 /* ArrayExtensions.swift in Sources */ = {isa = PBXBuildFile; fileRef = 425992BF1D75BA65002CEDD8 /* ArrayExtensions.swift */; };
		425992C21D75BA79002CEDD8 /* ObservableExtensions.swift in Sources */ = {isa = PBXBuildFile; fileRef = 425992C11D75BA79002CEDD8 /* ObservableExtensions.swift */; };
		FD0D37AB158925C194DF4498 /* Pods_CQRS_based_architecure.framework in Frameworks */ = {isa = PBXBuildFile; fileRef = C94A661699CA0A451D0E85E3 /* Pods_CQRS_based_architecure.framework */; };
/* End PBXBuildFile section */

/* Begin PBXFileReference section */
		304B81D3D938505C15A698E3 /* Pods-CQRS-based-architecure.release.xcconfig */ = {isa = PBXFileReference; includeInIndex = 1; lastKnownFileType = text.xcconfig; name = "Pods-CQRS-based-architecure.release.xcconfig"; path = "Pods/Target Support Files/Pods-CQRS-based-architecure/Pods-CQRS-based-architecure.release.xcconfig"; sourceTree = "<group>"; };
		425992701D75B123002CEDD8 /* CQRS-based-architecure.app */ = {isa = PBXFileReference; explicitFileType = wrapper.application; includeInIndex = 0; path = "CQRS-based-architecure.app"; sourceTree = BUILT_PRODUCTS_DIR; };
		425992731D75B123002CEDD8 /* AppDelegate.swift */ = {isa = PBXFileReference; lastKnownFileType = sourcecode.swift; path = AppDelegate.swift; sourceTree = "<group>"; };
		425992751D75B123002CEDD8 /* ViewController.swift */ = {isa = PBXFileReference; lastKnownFileType = sourcecode.swift; path = ViewController.swift; sourceTree = "<group>"; };
		425992781D75B123002CEDD8 /* Base */ = {isa = PBXFileReference; lastKnownFileType = file.storyboard; name = Base; path = Base.lproj/Main.storyboard; sourceTree = "<group>"; };
		4259927A1D75B123002CEDD8 /* Assets.xcassets */ = {isa = PBXFileReference; lastKnownFileType = folder.assetcatalog; path = Assets.xcassets; sourceTree = "<group>"; };
		4259927D1D75B123002CEDD8 /* Base */ = {isa = PBXFileReference; lastKnownFileType = file.storyboard; name = Base; path = Base.lproj/LaunchScreen.storyboard; sourceTree = "<group>"; };
		4259927F1D75B123002CEDD8 /* Info.plist */ = {isa = PBXFileReference; lastKnownFileType = text.plist.xml; path = Info.plist; sourceTree = "<group>"; };
		425992891D75B3B6002CEDD8 /* ContextProviding.swift */ = {isa = PBXFileReference; fileEncoding = 4; lastKnownFileType = sourcecode.swift; path = ContextProviding.swift; sourceTree = "<group>"; };
		4259928A1D75B3B6002CEDD8 /* Providing.swift */ = {isa = PBXFileReference; fileEncoding = 4; lastKnownFileType = sourcecode.swift; path = Providing.swift; sourceTree = "<group>"; };
		4259928B1D75B3B6002CEDD8 /* Operational.swift */ = {isa = PBXFileReference; fileEncoding = 4; lastKnownFileType = sourcecode.swift; path = Operational.swift; sourceTree = "<group>"; };
		4259928C1D75B3B6002CEDD8 /* ContextOperational.swift */ = {isa = PBXFileReference; fileEncoding = 4; lastKnownFileType = sourcecode.swift; path = ContextOperational.swift; sourceTree = "<group>"; };
		425992931D75B491002CEDD8 /* DefaultRealmConfig.swift */ = {isa = PBXFileReference; fileEncoding = 4; lastKnownFileType = sourcecode.swift; path = DefaultRealmConfig.swift; sourceTree = "<group>"; };
		425992941D75B491002CEDD8 /* RealmConfigurable.swift */ = {isa = PBXFileReference; fileEncoding = 4; lastKnownFileType = sourcecode.swift; path = RealmConfigurable.swift; sourceTree = "<group>"; };
		425992961D75B491002CEDD8 /* SampleUserRealm.swift */ = {isa = PBXFileReference; fileEncoding = 4; lastKnownFileType = sourcecode.swift; path = SampleUserRealm.swift; sourceTree = "<group>"; };
		425992991D75B491002CEDD8 /* RealmGetAllUsers.swift */ = {isa = PBXFileReference; fileEncoding = 4; lastKnownFileType = sourcecode.swift; path = RealmGetAllUsers.swift; sourceTree = "<group>"; };
		4259929B1D75B491002CEDD8 /* RealmInsertUser.swift */ = {isa = PBXFileReference; fileEncoding = 4; lastKnownFileType = sourcecode.swift; path = RealmInsertUser.swift; sourceTree = "<group>"; };
		4259929F1D75B491002CEDD8 /* RealmProvider.swift */ = {isa = PBXFileReference; fileEncoding = 4; lastKnownFileType = sourcecode.swift; path = RealmProvider.swift; sourceTree = "<group>"; };
		425992A01D75B491002CEDD8 /* RealmFactory.swift */ = {isa = PBXFileReference; fileEncoding = 4; lastKnownFileType = sourcecode.swift; path = RealmFactory.swift; sourceTree = "<group>"; };
		425992AF1D75B6C9002CEDD8 /* SampleUser.swift */ = {isa = PBXFileReference; fileEncoding = 4; lastKnownFileType = sourcecode.swift; path = SampleUser.swift; sourceTree = "<group>"; };
		425992B21D75B750002CEDD8 /* SampleUserRealmMapper.swift */ = {isa = PBXFileReference; fileEncoding = 4; lastKnownFileType = sourcecode.swift; path = SampleUserRealmMapper.swift; sourceTree = "<group>"; };
		425992B41D75B784002CEDD8 /* Convertible.swift */ = {isa = PBXFileReference; fileEncoding = 4; lastKnownFileType = sourcecode.swift; path = Convertible.swift; sourceTree = "<group>"; };
		425992B71D75B905002CEDD8 /* OperationHandler.swift */ = {isa = PBXFileReference; fileEncoding = 4; lastKnownFileType = sourcecode.swift; path = OperationHandler.swift; sourceTree = "<group>"; };
		425992BA1D75B92C002CEDD8 /* GetAllUsers.swift */ = {isa = PBXFileReference; fileEncoding = 4; lastKnownFileType = sourcecode.swift; path = GetAllUsers.swift; sourceTree = "<group>"; };
		425992BC1D75B93B002CEDD8 /* InsertUser.swift */ = {isa = PBXFileReference; fileEncoding = 4; lastKnownFileType = sourcecode.swift; path = InsertUser.swift; sourceTree = "<group>"; };
		425992BF1D75BA65002CEDD8 /* ArrayExtensions.swift */ = {isa = PBXFileReference; fileEncoding = 4; lastKnownFileType = sourcecode.swift; path = ArrayExtensions.swift; sourceTree = "<group>"; };
		425992C11D75BA79002CEDD8 /* ObservableExtensions.swift */ = {isa = PBXFileReference; fileEncoding = 4; lastKnownFileType = sourcecode.swift; path = ObservableExtensions.swift; sourceTree = "<group>"; };
		8CC00DA82F7991968519B5CB /* Pods-CQRS-based-architecure.debug.xcconfig */ = {isa = PBXFileReference; includeInIndex = 1; lastKnownFileType = text.xcconfig; name = "Pods-CQRS-based-architecure.debug.xcconfig"; path = "Pods/Target Support Files/Pods-CQRS-based-architecure/Pods-CQRS-based-architecure.debug.xcconfig"; sourceTree = "<group>"; };
		C94A661699CA0A451D0E85E3 /* Pods_CQRS_based_architecure.framework */ = {isa = PBXFileReference; explicitFileType = wrapper.framework; includeInIndex = 0; path = Pods_CQRS_based_architecure.framework; sourceTree = BUILT_PRODUCTS_DIR; };
/* End PBXFileReference section */

/* Begin PBXFrameworksBuildPhase section */
		4259926D1D75B123002CEDD8 /* Frameworks */ = {
			isa = PBXFrameworksBuildPhase;
			buildActionMask = 2147483647;
			files = (
				FD0D37AB158925C194DF4498 /* Pods_CQRS_based_architecure.framework in Frameworks */,
			);
			runOnlyForDeploymentPostprocessing = 0;
		};
/* End PBXFrameworksBuildPhase section */

/* Begin PBXGroup section */
		1B488431077F45BE7FBC6A84 /* Pods */ = {
			isa = PBXGroup;
			children = (
				8CC00DA82F7991968519B5CB /* Pods-CQRS-based-architecure.debug.xcconfig */,
				304B81D3D938505C15A698E3 /* Pods-CQRS-based-architecure.release.xcconfig */,
			);
			name = Pods;
			sourceTree = "<group>";
		};
		425992671D75B123002CEDD8 = {
			isa = PBXGroup;
			children = (
				425992721D75B123002CEDD8 /* CQRS-based-architecure */,
				94DD5F7EF3BEE84ED56503F5 /* Frameworks */,
				1B488431077F45BE7FBC6A84 /* Pods */,
				425992711D75B123002CEDD8 /* Products */,
			);
			sourceTree = "<group>";
		};
		425992711D75B123002CEDD8 /* Products */ = {
			isa = PBXGroup;
			children = (
				425992701D75B123002CEDD8 /* CQRS-based-architecure.app */,
			);
			name = Products;
			sourceTree = "<group>";
		};
		425992721D75B123002CEDD8 /* CQRS-based-architecure */ = {
			isa = PBXGroup;
			children = (
				425992AC1D75B6B1002CEDD8 /* BLL */,
				425992871D75B351002CEDD8 /* Core */,
				425992861D75B338002CEDD8 /* DAL */,
				425992731D75B123002CEDD8 /* AppDelegate.swift */,
				4259927A1D75B123002CEDD8 /* Assets.xcassets */,
				4259927F1D75B123002CEDD8 /* Info.plist */,
				4259927C1D75B123002CEDD8 /* LaunchScreen.storyboard */,
				425992771D75B123002CEDD8 /* Main.storyboard */,
				425992751D75B123002CEDD8 /* ViewController.swift */,
			);
			path = "CQRS-based-architecure";
			sourceTree = "<group>";
		};
		425992861D75B338002CEDD8 /* DAL */ = {
			isa = PBXGroup;
			children = (
				425992911D75B491002CEDD8 /* RealmDatabase */,
			);
			path = DAL;
			sourceTree = "<group>";
		};
		425992871D75B351002CEDD8 /* Core */ = {
			isa = PBXGroup;
			children = (
				425992BE1D75BA49002CEDD8 /* Extensions */,
				425992881D75B369002CEDD8 /* Infrastructure */,
			);
			path = Core;
			sourceTree = "<group>";
		};
		425992881D75B369002CEDD8 /* Infrastructure */ = {
			isa = PBXGroup;
			children = (
				4259928C1D75B3B6002CEDD8 /* ContextOperational.swift */,
				425992891D75B3B6002CEDD8 /* ContextProviding.swift */,
				4259928B1D75B3B6002CEDD8 /* Operational.swift */,
				4259928A1D75B3B6002CEDD8 /* Providing.swift */,
				425992B41D75B784002CEDD8 /* Convertible.swift */,
			);
			path = Infrastructure;
			sourceTree = "<group>";
		};
		425992911D75B491002CEDD8 /* RealmDatabase */ = {
			isa = PBXGroup;
			children = (
				425992921D75B491002CEDD8 /* Config */,
				425992951D75B491002CEDD8 /* Models */,
				425992971D75B491002CEDD8 /* Operations */,
				4259929E1D75B491002CEDD8 /* Providers */,
				425992A01D75B491002CEDD8 /* RealmFactory.swift */,
			);
			path = RealmDatabase;
			sourceTree = "<group>";
		};
		425992921D75B491002CEDD8 /* Config */ = {
			isa = PBXGroup;
			children = (
				425992931D75B491002CEDD8 /* DefaultRealmConfig.swift */,
				425992941D75B491002CEDD8 /* RealmConfigurable.swift */,
			);
			path = Config;
			sourceTree = "<group>";
		};
		425992951D75B491002CEDD8 /* Models */ = {
			isa = PBXGroup;
			children = (
				425992961D75B491002CEDD8 /* SampleUserRealm.swift */,
			);
			path = Models;
			sourceTree = "<group>";
		};
		425992971D75B491002CEDD8 /* Operations */ = {
			isa = PBXGroup;
			children = (
				425992981D75B491002CEDD8 /* Users */,
			);
			path = Operations;
			sourceTree = "<group>";
		};
		425992981D75B491002CEDD8 /* Users */ = {
			isa = PBXGroup;
			children = (
				425992991D75B491002CEDD8 /* RealmGetAllUsers.swift */,
				4259929B1D75B491002CEDD8 /* RealmInsertUser.swift */,
			);
			name = Users;
			path = TrainingStatistics;
			sourceTree = "<group>";
		};
		4259929E1D75B491002CEDD8 /* Providers */ = {
			isa = PBXGroup;
			children = (
				4259929F1D75B491002CEDD8 /* RealmProvider.swift */,
			);
			path = Providers;
			sourceTree = "<group>";
		};
		425992AC1D75B6B1002CEDD8 /* BLL */ = {
			isa = PBXGroup;
			children = (
				425992B61D75B8F9002CEDD8 /* Operations */,
				425992AE1D75B6B9002CEDD8 /* Models */,
			);
			path = BLL;
			sourceTree = "<group>";
		};
		425992AE1D75B6B9002CEDD8 /* Models */ = {
			isa = PBXGroup;
			children = (
				425992B11D75B736002CEDD8 /* Mappers */,
				425992AF1D75B6C9002CEDD8 /* SampleUser.swift */,
			);
			path = Models;
			sourceTree = "<group>";
		};
		425992B11D75B736002CEDD8 /* Mappers */ = {
			isa = PBXGroup;
			children = (
				425992B21D75B750002CEDD8 /* SampleUserRealmMapper.swift */,
			);
			path = Mappers;
			sourceTree = "<group>";
		};
		425992B61D75B8F9002CEDD8 /* Operations */ = {
			isa = PBXGroup;
			children = (
				425992B91D75B920002CEDD8 /* Users */,
				425992B71D75B905002CEDD8 /* OperationHandler.swift */,
			);
			path = Operations;
			sourceTree = "<group>";
		};
		425992B91D75B920002CEDD8 /* Users */ = {
			isa = PBXGroup;
			children = (
				425992BA1D75B92C002CEDD8 /* GetAllUsers.swift */,
				425992BC1D75B93B002CEDD8 /* InsertUser.swift */,
			);
			path = Users;
			sourceTree = "<group>";
		};
		425992BE1D75BA49002CEDD8 /* Extensions */ = {
			isa = PBXGroup;
			children = (
				425992BF1D75BA65002CEDD8 /* ArrayExtensions.swift */,
				425992C11D75BA79002CEDD8 /* ObservableExtensions.swift */,
			);
			path = Extensions;
			sourceTree = "<group>";
		};
		94DD5F7EF3BEE84ED56503F5 /* Frameworks */ = {
			isa = PBXGroup;
			children = (
				C94A661699CA0A451D0E85E3 /* Pods_CQRS_based_architecure.framework */,
			);
			name = Frameworks;
			sourceTree = "<group>";
		};
/* End PBXGroup section */

/* Begin PBXNativeTarget section */
		4259926F1D75B123002CEDD8 /* CQRS-based-architecure */ = {
			isa = PBXNativeTarget;
			buildConfigurationList = 425992821D75B123002CEDD8 /* Build configuration list for PBXNativeTarget "CQRS-based-architecure" */;
			buildPhases = (
				82ECCF3AF1B2EE3A29795904 /* [CP] Check Pods Manifest.lock */,
				4259926C1D75B123002CEDD8 /* Sources */,
				4259926D1D75B123002CEDD8 /* Frameworks */,
				4259926E1D75B123002CEDD8 /* Resources */,
				F8C9F01F029B3EAE203DF650 /* [CP] Embed Pods Frameworks */,
				FCB1B609837CFF5DE31F51DA /* [CP] Copy Pods Resources */,
			);
			buildRules = (
			);
			dependencies = (
			);
			name = "CQRS-based-architecure";
			productName = "CQRS-based-architecure";
			productReference = 425992701D75B123002CEDD8 /* CQRS-based-architecure.app */;
			productType = "com.apple.product-type.application";
		};
/* End PBXNativeTarget section */

/* Begin PBXProject section */
		425992681D75B123002CEDD8 /* Project object */ = {
			isa = PBXProject;
			attributes = {
				LastSwiftUpdateCheck = 0730;
				LastUpgradeCheck = 0730;
				ORGANIZATIONNAME = "Whalla Labs";
				TargetAttributes = {
					4259926F1D75B123002CEDD8 = {
						CreatedOnToolsVersion = 7.3;
					};
				};
			};
			buildConfigurationList = 4259926B1D75B123002CEDD8 /* Build configuration list for PBXProject "CQRS-based-architecure" */;
			compatibilityVersion = "Xcode 3.2";
			developmentRegion = English;
			hasScannedForEncodings = 0;
			knownRegions = (
				en,
				Base,
			);
			mainGroup = 425992671D75B123002CEDD8;
			productRefGroup = 425992711D75B123002CEDD8 /* Products */;
			projectDirPath = "";
			projectRoot = "";
			targets = (
				4259926F1D75B123002CEDD8 /* CQRS-based-architecure */,
			);
		};
/* End PBXProject section */

/* Begin PBXResourcesBuildPhase section */
		4259926E1D75B123002CEDD8 /* Resources */ = {
			isa = PBXResourcesBuildPhase;
			buildActionMask = 2147483647;
			files = (
				4259927E1D75B123002CEDD8 /* LaunchScreen.storyboard in Resources */,
				4259927B1D75B123002CEDD8 /* Assets.xcassets in Resources */,
				425992791D75B123002CEDD8 /* Main.storyboard in Resources */,
			);
			runOnlyForDeploymentPostprocessing = 0;
		};
/* End PBXResourcesBuildPhase section */

/* Begin PBXShellScriptBuildPhase section */
		82ECCF3AF1B2EE3A29795904 /* [CP] Check Pods Manifest.lock */ = {
			isa = PBXShellScriptBuildPhase;
			buildActionMask = 2147483647;
			files = (
			);
			inputPaths = (
			);
			name = "[CP] Check Pods Manifest.lock";
			outputPaths = (
			);
			runOnlyForDeploymentPostprocessing = 0;
			shellPath = /bin/sh;
			shellScript = "diff \"${PODS_ROOT}/../Podfile.lock\" \"${PODS_ROOT}/Manifest.lock\" > /dev/null\nif [[ $? != 0 ]] ; then\n    cat << EOM\nerror: The sandbox is not in sync with the Podfile.lock. Run 'pod install' or update your CocoaPods installation.\nEOM\n    exit 1\nfi\n";
			showEnvVarsInLog = 0;
		};
		F8C9F01F029B3EAE203DF650 /* [CP] Embed Pods Frameworks */ = {
			isa = PBXShellScriptBuildPhase;
			buildActionMask = 2147483647;
			files = (
			);
			inputPaths = (
			);
			name = "[CP] Embed Pods Frameworks";
			outputPaths = (
			);
			runOnlyForDeploymentPostprocessing = 0;
			shellPath = /bin/sh;
			shellScript = "\"${SRCROOT}/Pods/Target Support Files/Pods-CQRS-based-architecure/Pods-CQRS-based-architecure-frameworks.sh\"\n";
			showEnvVarsInLog = 0;
		};
		FCB1B609837CFF5DE31F51DA /* [CP] Copy Pods Resources */ = {
			isa = PBXShellScriptBuildPhase;
			buildActionMask = 2147483647;
			files = (
			);
			inputPaths = (
			);
			name = "[CP] Copy Pods Resources";
			outputPaths = (
			);
			runOnlyForDeploymentPostprocessing = 0;
			shellPath = /bin/sh;
			shellScript = "\"${SRCROOT}/Pods/Target Support Files/Pods-CQRS-based-architecure/Pods-CQRS-based-architecure-resources.sh\"\n";
			showEnvVarsInLog = 0;
		};
/* End PBXShellScriptBuildPhase section */

/* Begin PBXSourcesBuildPhase section */
		4259926C1D75B123002CEDD8 /* Sources */ = {
			isa = PBXSourcesBuildPhase;
			buildActionMask = 2147483647;
			files = (
				4259928E1D75B3B6002CEDD8 /* Providing.swift in Sources */,
				425992761D75B123002CEDD8 /* ViewController.swift in Sources */,
				425992901D75B3B6002CEDD8 /* ContextOperational.swift in Sources */,
				425992B31D75B750002CEDD8 /* SampleUserRealmMapper.swift in Sources */,
				425992B81D75B905002CEDD8 /* OperationHandler.swift in Sources */,
				425992A41D75B491002CEDD8 /* RealmGetAllUsers.swift in Sources */,
				425992B01D75B6C9002CEDD8 /* SampleUser.swift in Sources */,
				425992A11D75B491002CEDD8 /* DefaultRealmConfig.swift in Sources */,
				425992AA1D75B491002CEDD8 /* RealmFactory.swift in Sources */,
				425992A21D75B491002CEDD8 /* RealmConfigurable.swift in Sources */,
				425992B51D75B784002CEDD8 /* Convertible.swift in Sources */,
				425992C01D75BA65002CEDD8 /* ArrayExtensions.swift in Sources */,
				425992C21D75BA79002CEDD8 /* ObservableExtensions.swift in Sources */,
				4259928F1D75B3B6002CEDD8 /* Operational.swift in Sources */,
				4259928D1D75B3B6002CEDD8 /* ContextProviding.swift in Sources */,
				425992A31D75B491002CEDD8 /* SampleUserRealm.swift in Sources */,
				425992BD1D75B93B002CEDD8 /* InsertUser.swift in Sources */,
				425992741D75B123002CEDD8 /* AppDelegate.swift in Sources */,
				425992A61D75B491002CEDD8 /* RealmInsertUser.swift in Sources */,
				425992A91D75B491002CEDD8 /* RealmProvider.swift in Sources */,
				425992BB1D75B92C002CEDD8 /* GetAllUsers.swift in Sources */,
			);
			runOnlyForDeploymentPostprocessing = 0;
		};
/* End PBXSourcesBuildPhase section */

/* Begin PBXVariantGroup section */
		425992771D75B123002CEDD8 /* Main.storyboard */ = {
			isa = PBXVariantGroup;
			children = (
				425992781D75B123002CEDD8 /* Base */,
			);
			name = Main.storyboard;
			path = .;
			sourceTree = "<group>";
		};
		4259927C1D75B123002CEDD8 /* LaunchScreen.storyboard */ = {
			isa = PBXVariantGroup;
			children = (
				4259927D1D75B123002CEDD8 /* Base */,
			);
			name = LaunchScreen.storyboard;
			path = .;
			sourceTree = "<group>";
		};
/* End PBXVariantGroup section */

/* Begin XCBuildConfiguration section */
		425992801D75B123002CEDD8 /* Debug */ = {
			isa = XCBuildConfiguration;
			buildSettings = {
				ALWAYS_SEARCH_USER_PATHS = NO;
				CLANG_ANALYZER_NONNULL = YES;
				CLANG_CXX_LANGUAGE_STANDARD = "gnu++0x";
				CLANG_CXX_LIBRARY = "libc++";
				CLANG_ENABLE_MODULES = YES;
				CLANG_ENABLE_OBJC_ARC = YES;
				CLANG_WARN_BOOL_CONVERSION = YES;
				CLANG_WARN_CONSTANT_CONVERSION = YES;
				CLANG_WARN_DIRECT_OBJC_ISA_USAGE = YES_ERROR;
				CLANG_WARN_EMPTY_BODY = YES;
				CLANG_WARN_ENUM_CONVERSION = YES;
				CLANG_WARN_INT_CONVERSION = YES;
				CLANG_WARN_OBJC_ROOT_CLASS = YES_ERROR;
				CLANG_WARN_UNREACHABLE_CODE = YES;
				CLANG_WARN__DUPLICATE_METHOD_MATCH = YES;
				"CODE_SIGN_IDENTITY[sdk=iphoneos*]" = "iPhone Developer";
				COPY_PHASE_STRIP = NO;
				DEBUG_INFORMATION_FORMAT = dwarf;
				ENABLE_STRICT_OBJC_MSGSEND = YES;
				ENABLE_TESTABILITY = YES;
				GCC_C_LANGUAGE_STANDARD = gnu99;
				GCC_DYNAMIC_NO_PIC = NO;
				GCC_NO_COMMON_BLOCKS = YES;
				GCC_OPTIMIZATION_LEVEL = 0;
				GCC_PREPROCESSOR_DEFINITIONS = (
					"DEBUG=1",
					"$(inherited)",
				);
				GCC_WARN_64_TO_32_BIT_CONVERSION = YES;
				GCC_WARN_ABOUT_RETURN_TYPE = YES_ERROR;
				GCC_WARN_UNDECLARED_SELECTOR = YES;
				GCC_WARN_UNINITIALIZED_AUTOS = YES_AGGRESSIVE;
				GCC_WARN_UNUSED_FUNCTION = YES;
				GCC_WARN_UNUSED_VARIABLE = YES;
				IPHONEOS_DEPLOYMENT_TARGET = 9.3;
				MTL_ENABLE_DEBUG_INFO = YES;
				ONLY_ACTIVE_ARCH = YES;
				SDKROOT = iphoneos;
				SWIFT_OPTIMIZATION_LEVEL = "-Onone";
			};
			name = Debug;
		};
		425992811D75B123002CEDD8 /* Release */ = {
			isa = XCBuildConfiguration;
			buildSettings = {
				ALWAYS_SEARCH_USER_PATHS = NO;
				CLANG_ANALYZER_NONNULL = YES;
				CLANG_CXX_LANGUAGE_STANDARD = "gnu++0x";
				CLANG_CXX_LIBRARY = "libc++";
				CLANG_ENABLE_MODULES = YES;
				CLANG_ENABLE_OBJC_ARC = YES;
				CLANG_WARN_BOOL_CONVERSION = YES;
				CLANG_WARN_CONSTANT_CONVERSION = YES;
				CLANG_WARN_DIRECT_OBJC_ISA_USAGE = YES_ERROR;
				CLANG_WARN_EMPTY_BODY = YES;
				CLANG_WARN_ENUM_CONVERSION = YES;
				CLANG_WARN_INT_CONVERSION = YES;
				CLANG_WARN_OBJC_ROOT_CLASS = YES_ERROR;
				CLANG_WARN_UNREACHABLE_CODE = YES;
				CLANG_WARN__DUPLICATE_METHOD_MATCH = YES;
				"CODE_SIGN_IDENTITY[sdk=iphoneos*]" = "iPhone Developer";
				COPY_PHASE_STRIP = NO;
				DEBUG_INFORMATION_FORMAT = "dwarf-with-dsym";
				ENABLE_NS_ASSERTIONS = NO;
				ENABLE_STRICT_OBJC_MSGSEND = YES;
				GCC_C_LANGUAGE_STANDARD = gnu99;
				GCC_NO_COMMON_BLOCKS = YES;
				GCC_WARN_64_TO_32_BIT_CONVERSION = YES;
				GCC_WARN_ABOUT_RETURN_TYPE = YES_ERROR;
				GCC_WARN_UNDECLARED_SELECTOR = YES;
				GCC_WARN_UNINITIALIZED_AUTOS = YES_AGGRESSIVE;
				GCC_WARN_UNUSED_FUNCTION = YES;
				GCC_WARN_UNUSED_VARIABLE = YES;
				IPHONEOS_DEPLOYMENT_TARGET = 9.3;
				MTL_ENABLE_DEBUG_INFO = NO;
				SDKROOT = iphoneos;
				VALIDATE_PRODUCT = YES;
			};
			name = Release;
		};
		425992831D75B123002CEDD8 /* Debug */ = {
			isa = XCBuildConfiguration;
			baseConfigurationReference = 8CC00DA82F7991968519B5CB /* Pods-CQRS-based-architecure.debug.xcconfig */;
			buildSettings = {
				ASSETCATALOG_COMPILER_APPICON_NAME = AppIcon;
				INFOPLIST_FILE = "CQRS-based-architecure/Info.plist";
				LD_RUNPATH_SEARCH_PATHS = "$(inherited) @executable_path/Frameworks";
				PRODUCT_BUNDLE_IDENTIFIER = "Whalla-Labs.CQRS-based-architecure";
				PRODUCT_NAME = "$(TARGET_NAME)";
			};
			name = Debug;
		};
		425992841D75B123002CEDD8 /* Release */ = {
			isa = XCBuildConfiguration;
			baseConfigurationReference = 304B81D3D938505C15A698E3 /* Pods-CQRS-based-architecure.release.xcconfig */;
			buildSettings = {
				ASSETCATALOG_COMPILER_APPICON_NAME = AppIcon;
				INFOPLIST_FILE = "CQRS-based-architecure/Info.plist";
				LD_RUNPATH_SEARCH_PATHS = "$(inherited) @executable_path/Frameworks";
				PRODUCT_BUNDLE_IDENTIFIER = "Whalla-Labs.CQRS-based-architecure";
				PRODUCT_NAME = "$(TARGET_NAME)";
			};
			name = Release;
		};
/* End XCBuildConfiguration section */

/* Begin XCConfigurationList section */
		4259926B1D75B123002CEDD8 /* Build configuration list for PBXProject "CQRS-based-architecure" */ = {
			isa = XCConfigurationList;
			buildConfigurations = (
				425992801D75B123002CEDD8 /* Debug */,
				425992811D75B123002CEDD8 /* Release */,
			);
			defaultConfigurationIsVisible = 0;
			defaultConfigurationName = Release;
		};
		425992821D75B123002CEDD8 /* Build configuration list for PBXNativeTarget "CQRS-based-architecure" */ = {
			isa = XCConfigurationList;
			buildConfigurations = (
				425992831D75B123002CEDD8 /* Debug */,
				425992841D75B123002CEDD8 /* Release */,
			);
			defaultConfigurationIsVisible = 0;
			defaultConfigurationName = Release;
		};
/* End XCConfigurationList section */
	};
	rootObject = 425992681D75B123002CEDD8 /* Project object */;
}
